# This file is automatically @generated by Poetry 1.8.2 and should not be changed by hand.

[[package]]
name = "pypng"
version = "0.20220715.0"
description = "Pure Python library for saving and loading PNG images"
optional = false
python-versions = "*"
files = [
    {file = "pypng-0.20220715.0-py3-none-any.whl", hash = "sha256:4a43e969b8f5aaafb2a415536c1a8ec7e341cd6a3f957fd5b5f32a4cfeed902c"},
    {file = "pypng-0.20220715.0.tar.gz", hash = "sha256:739c433ba96f078315de54c0db975aee537cbc3e1d0ae4ed9aab0ca1e427e2c1"},
]

[metadata]
lock-version = "2.0"
python-versions = "^3.10"
content-hash = "6993ac5b96823d261a15c23e1039f100a2ff99d9d7440c0dd7275e5afd534efc"
